lockfileVersion: 5.3

specifiers:
  '@types/systemjs': ^6.1.1
  systemjs: ^6.12.1

dependencies:
  '@types/systemjs': 6.1.1
  systemjs: 6.12.1

packages:

  /@types/systemjs/6.1.1:
    resolution: {integrity: sha512-d1M6eDKBGWx7RbYy295VEFoOF9YDJkPI959QYnmzcmeaV+SP4D0xV7dEh3sN5XF3GvO3PhGzm+17Z598nvHQuQ==}
    dev: false

  /systemjs/6.12.1:
    resolution: {integrity: sha512-hqTN6kW+pN6/qro6G9OZ7ceDQOcYno020zBQKpZQLsJhYTDMCMNfXi/Y8duF5iW+4WWZr42ry0MMkcRGpbwG2A==}
    dev: false
